
Microsoft Visual Studio Solution File, Format Version 12.00
# Visual Studio 15
VisualStudioVersion = 15.0.27428.2037
MinimumVisualStudioVersion = 10.0.40219.1
Project("{FAE04EC0-301F-11D3-BF4B-00C04F79EFBC}") = "bases", "bases\bases.csproj", "{9E565B5D-5C18-4299-995A-A2DD3B28AFF0}"
EndProject
Global
	GlobalSection(SolutionConfigurationPlatforms) = preSolution
		Debug|Any CPU = Debug|Any CPU
		Release|Any CPU = Release|Any CPU
	EndGlobalSection
	GlobalSection(ProjectConfigurationPlatforms) = postSolution
		{9E565B5D-5C18-4299-995A-A2DD3B28AFF0}.Debug|Any CPU.ActiveCfg = Debug|Any CPU
		{9E565B5D-5C18-4299-995A-A2DD3B28AFF0}.Debug|Any CPU.Build.0 = Debug|Any CPU
		{9E565B5D-5C18-4299-995A-A2DD3B28AFF0}.Release|Any CPU.ActiveCfg = Release|Any CPU
		{9E565B5D-5C18-4299-995A-A2DD3B28AFF0}.Release|Any CPU.Build.0 = Release|Any CPU
	EndGlobalSection
	GlobalSection(SolutionProperties) = preSolution
		HideSolutionNode = FALSE
	EndGlobalSection
	GlobalSection(ExtensibilityGlobals) = postSolution
		SolutionGuid = {EDEA21BD-0A01-432E-B4F4-BCBFAFB4BE9F}
	EndGlobalSection
EndGlobal
